
Microsoft Visual Studio Solution File, Format Version 12.00
# Visual Studio Version 17
VisualStudioVersion = 17.0.31903.59
MinimumVisualStudioVersion = 10.0.40219.1
Project("{FAE04EC0-301F-11D3-BF4B-00C04F79EFBC}") = "API", "API\API.csproj", "{20ED2262-CAB6-4773-B3F4-A32844819D44}"
EndProject
Project("{FAE04EC0-301F-11D3-BF4B-00C04F79EFBC}") = "Domain", "Domain\Domain.csproj", "{4FD719A8-CD26-42E2-837F-2F6261F4E1F9}"
EndProject
Project("{FAE04EC0-301F-11D3-BF4B-00C04F79EFBC}") = "Service", "Service\Service.csproj", "{925C4AF1-8979-4E89-97E9-F5E59D2CE17B}"
EndProject
Project("{FAE04EC0-301F-11D3-BF4B-00C04F79EFBC}") = "Infra", "Infra\Infra.csproj", "{DAEA3815-30D4-44A6-A760-DBBD6893CD1C}"
EndProject
Project("{FAE04EC0-301F-11D3-BF4B-00C04F79EFBC}") = "TestesUnitarios", "TestesUnitarios\TestesUnitarios.csproj", "{CDEFDF66-7400-439C-9EEA-3FCD717D4C3B}"
EndProject
Global
	GlobalSection(SolutionConfigurationPlatforms) = preSolution
		Debug|Any CPU = Debug|Any CPU
		Release|Any CPU = Release|Any CPU
	EndGlobalSection
	GlobalSection(SolutionProperties) = preSolution
		HideSolutionNode = FALSE
	EndGlobalSection
	GlobalSection(ProjectConfigurationPlatforms) = postSolution
		{20ED2262-CAB6-4773-B3F4-A32844819D44}.Debug|Any CPU.ActiveCfg = Debug|Any CPU
		{20ED2262-CAB6-4773-B3F4-A32844819D44}.Debug|Any CPU.Build.0 = Debug|Any CPU
		{20ED2262-CAB6-4773-B3F4-A32844819D44}.Release|Any CPU.ActiveCfg = Release|Any CPU
		{20ED2262-CAB6-4773-B3F4-A32844819D44}.Release|Any CPU.Build.0 = Release|Any CPU
		{4FD719A8-CD26-42E2-837F-2F6261F4E1F9}.Debug|Any CPU.ActiveCfg = Debug|Any CPU
		{4FD719A8-CD26-42E2-837F-2F6261F4E1F9}.Debug|Any CPU.Build.0 = Debug|Any CPU
		{4FD719A8-CD26-42E2-837F-2F6261F4E1F9}.Release|Any CPU.ActiveCfg = Release|Any CPU
		{4FD719A8-CD26-42E2-837F-2F6261F4E1F9}.Release|Any CPU.Build.0 = Release|Any CPU
		{925C4AF1-8979-4E89-97E9-F5E59D2CE17B}.Debug|Any CPU.ActiveCfg = Debug|Any CPU
		{925C4AF1-8979-4E89-97E9-F5E59D2CE17B}.Debug|Any CPU.Build.0 = Debug|Any CPU
		{925C4AF1-8979-4E89-97E9-F5E59D2CE17B}.Release|Any CPU.ActiveCfg = Release|Any CPU
		{925C4AF1-8979-4E89-97E9-F5E59D2CE17B}.Release|Any CPU.Build.0 = Release|Any CPU
		{DAEA3815-30D4-44A6-A760-DBBD6893CD1C}.Debug|Any CPU.ActiveCfg = Debug|Any CPU
		{DAEA3815-30D4-44A6-A760-DBBD6893CD1C}.Debug|Any CPU.Build.0 = Debug|Any CPU
		{DAEA3815-30D4-44A6-A760-DBBD6893CD1C}.Release|Any CPU.ActiveCfg = Release|Any CPU
		{DAEA3815-30D4-44A6-A760-DBBD6893CD1C}.Release|Any CPU.Build.0 = Release|Any CPU
		{CDEFDF66-7400-439C-9EEA-3FCD717D4C3B}.Debug|Any CPU.ActiveCfg = Debug|Any CPU
		{CDEFDF66-7400-439C-9EEA-3FCD717D4C3B}.Debug|Any CPU.Build.0 = Debug|Any CPU
		{CDEFDF66-7400-439C-9EEA-3FCD717D4C3B}.Release|Any CPU.ActiveCfg = Release|Any CPU
		{CDEFDF66-7400-439C-9EEA-3FCD717D4C3B}.Release|Any CPU.Build.0 = Release|Any CPU
	EndGlobalSection
EndGlobal
